
Microsoft Visual Studio Solution File, Format Version 12.00
# Visual Studio Version 17
VisualStudioVersion = 17.5.33516.290
MinimumVisualStudioVersion = 10.0.40219.1
Project("{FAE04EC0-301F-11D3-BF4B-00C04F79EFBC}") = "Homework1504", "Homework1504\Homework1504.csproj", "{815BE617-3215-43C1-9DB6-BC4C7892BAE3}"
EndProject
Global
	GlobalSection(SolutionConfigurationPlatforms) = preSolution
		Debug|Any CPU = Debug|Any CPU
		Release|Any CPU = Release|Any CPU
	EndGlobalSection
	GlobalSection(ProjectConfigurationPlatforms) = postSolution
		{815BE617-3215-43C1-9DB6-BC4C7892BAE3}.Debug|Any CPU.ActiveCfg = Debug|Any CPU
		{815BE617-3215-43C1-9DB6-BC4C7892BAE3}.Debug|Any CPU.Build.0 = Debug|Any CPU
		{815BE617-3215-43C1-9DB6-BC4C7892BAE3}.Release|Any CPU.ActiveCfg = Release|Any CPU
		{815BE617-3215-43C1-9DB6-BC4C7892BAE3}.Release|Any CPU.Build.0 = Release|Any CPU
	EndGlobalSection
	GlobalSection(SolutionProperties) = preSolution
		HideSolutionNode = FALSE
	EndGlobalSection
	GlobalSection(ExtensibilityGlobals) = postSolution
		SolutionGuid = {F05B43D8-0D8D-4637-BAB1-A38E784EE6A9}
	EndGlobalSection
EndGlobal
